
Microsoft Visual Studio Solution File, Format Version 12.00
# Visual Studio Version 16
VisualStudioVersion = 16.0.30406.217
MinimumVisualStudioVersion = 10.0.40219.1
Project("{FAE04EC0-301F-11D3-BF4B-00C04F79EFBC}") = "Oefeningen", "Oefeningen\Oefeningen.csproj", "{04143015-54D2-4BBE-9443-C7E8A9444BB7}"
EndProject
Global
	GlobalSection(SolutionConfigurationPlatforms) = preSolution
		Debug|Any CPU = Debug|Any CPU
		Release|Any CPU = Release|Any CPU
	EndGlobalSection
	GlobalSection(ProjectConfigurationPlatforms) = postSolution
		{04143015-54D2-4BBE-9443-C7E8A9444BB7}.Debug|Any CPU.ActiveCfg = Debug|Any CPU
		{04143015-54D2-4BBE-9443-C7E8A9444BB7}.Debug|Any CPU.Build.0 = Debug|Any CPU
		{04143015-54D2-4BBE-9443-C7E8A9444BB7}.Release|Any CPU.ActiveCfg = Release|Any CPU
		{04143015-54D2-4BBE-9443-C7E8A9444BB7}.Release|Any CPU.Build.0 = Release|Any CPU
	EndGlobalSection
	GlobalSection(SolutionProperties) = preSolution
		HideSolutionNode = FALSE
	EndGlobalSection
	GlobalSection(ExtensibilityGlobals) = postSolution
		SolutionGuid = {1BAD05A9-23FD-4F3C-9361-1DCED6DC148B}
	EndGlobalSection
EndGlobal
